
Microsoft Visual Studio Solution File, Format Version 12.00
# Visual Studio Version 16
VisualStudioVersion = 16.0.31624.102
MinimumVisualStudioVersion = 10.0.40219.1
Project("{FAE04EC0-301F-11D3-BF4B-00C04F79EFBC}") = "BarberSoft", "BarberSoft.csproj", "{E376FCD0-E448-4B77-98F7-42A9DB9031F3}"
EndProject
Global
	GlobalSection(SolutionConfigurationPlatforms) = preSolution
		Debug|Any CPU = Debug|Any CPU
		Release|Any CPU = Release|Any CPU
	EndGlobalSection
	GlobalSection(ProjectConfigurationPlatforms) = postSolution
		{E376FCD0-E448-4B77-98F7-42A9DB9031F3}.Debug|Any CPU.ActiveCfg = Debug|Any CPU
		{E376FCD0-E448-4B77-98F7-42A9DB9031F3}.Debug|Any CPU.Build.0 = Debug|Any CPU
		{E376FCD0-E448-4B77-98F7-42A9DB9031F3}.Release|Any CPU.ActiveCfg = Release|Any CPU
		{E376FCD0-E448-4B77-98F7-42A9DB9031F3}.Release|Any CPU.Build.0 = Release|Any CPU
	EndGlobalSection
	GlobalSection(SolutionProperties) = preSolution
		HideSolutionNode = FALSE
	EndGlobalSection
	GlobalSection(ExtensibilityGlobals) = postSolution
		SolutionGuid = {0EEB943E-7BAF-4B4C-8B45-00BA18CAE68E}
	EndGlobalSection
EndGlobal
